{
  "name": "snabbdom-typestyle",
  "version": "1.0.0",
  "lockfileVersion": 1,
  "requires": true,
  "dependencies": {
    "csstype": {
      "version": "2.5.3",
      "resolved": "https://registry.npmjs.org/csstype/-/csstype-2.5.3.tgz",
      "integrity": "sha512-G5HnoK8nOiAq3DXIEoY2n/8Vb7Lgrms+jGJl8E4EJpQEeVONEnPFJSl8IK505wPBoxxtrtHhrRm4WX2GgdqarA=="
    },
    "free-style": {
      "version": "2.5.1",
      "resolved": "https://registry.npmjs.org/free-style/-/free-style-2.5.1.tgz",
      "integrity": "sha512-X7dtUSTrlS1KRQBtiQ618NWIRDdRgD91IeajKCSh0fgTqArSixv+n3ea6F/OSvrvg14tPLR+yCq2s+O602+pRw=="
    },
    "snabbdom": {
      "version": "0.7.1",
      "resolved": "https://registry.npmjs.org/snabbdom/-/snabbdom-0.7.1.tgz",
      "integrity": "sha512-uIOCq6rfkBZg2VdSopy9jL0cIOdrkHCcwOjDsLnjef6Z5oPoD8V7nKI8de4gP5GfvyqLY0RBDJP8LVU19Nsw5Q=="
    },
    "typestyle": {
      "version": "2.0.1",
      "resolved": "https://registry.npmjs.org/typestyle/-/typestyle-2.0.1.tgz",
      "integrity": "sha512-3Mv5ZZbYJ3y3G6rX3iRLrgYibAlafK2nsc9VlTsYcEaK8w+9vtNDx0T2TJsznI5FIh+WoBnjJ5F0/26WaGRxXQ==",
      "requires": {
        "csstype": "2.5.3",
        "free-style": "2.5.1"
      }
    }
  }
}
