{
  "name": "snabbdom-typestyle",
  "version": "1.0.1",
  "lockfileVersion": 1,
  "requires": true,
  "dependencies": {
    "browser-split": {
      "version": "0.0.1",
      "resolved": "https://registry.npmjs.org/browser-split/-/browser-split-0.0.1.tgz",
      "integrity": "sha1-ewl1dPjj6tYG+0Zk5krf3aKYGpM="
    },
    "csstype": {
      "version": "2.5.3",
      "resolved": "https://registry.npmjs.org/csstype/-/csstype-2.5.3.tgz",
      "integrity": "sha512-G5HnoK8nOiAq3DXIEoY2n/8Vb7Lgrms+jGJl8E4EJpQEeVONEnPFJSl8IK505wPBoxxtrtHhrRm4WX2GgdqarA=="
    },
    "free-style": {
      "version": "2.5.1",
      "resolved": "https://registry.npmjs.org/free-style/-/free-style-2.5.1.tgz",
      "integrity": "sha512-X7dtUSTrlS1KRQBtiQ618NWIRDdRgD91IeajKCSh0fgTqArSixv+n3ea6F/OSvrvg14tPLR+yCq2s+O602+pRw=="
    },
    "lodash.escape": {
      "version": "4.0.1",
      "resolved": "https://registry.npmjs.org/lodash.escape/-/lodash.escape-4.0.1.tgz",
      "integrity": "sha1-yQRGkMIeBClL6qUXcS/e0fqI3pg="
    },
    "lodash.forown": {
      "version": "4.4.0",
      "resolved": "https://registry.npmjs.org/lodash.forown/-/lodash.forown-4.4.0.tgz",
      "integrity": "sha1-hRFc8E9z75ZuztUlEdOJPMRmg68="
    },
    "lodash.kebabcase": {
      "version": "4.1.1",
      "resolved": "https://registry.npmjs.org/lodash.kebabcase/-/lodash.kebabcase-4.1.1.tgz",
      "integrity": "sha1-hImxyw0p/4gZXM7KRI/21swpXDY="
    },
    "lodash.remove": {
      "version": "4.7.0",
      "resolved": "https://registry.npmjs.org/lodash.remove/-/lodash.remove-4.7.0.tgz",
      "integrity": "sha1-8x0x58OaBpDVB07A02JxYjNO5iY="
    },
    "lodash.uniq": {
      "version": "4.5.0",
      "resolved": "https://registry.npmjs.org/lodash.uniq/-/lodash.uniq-4.5.0.tgz",
      "integrity": "sha1-0CJTc662Uq3BvILklFM5qEJ1R3M="
    },
    "object-assign": {
      "version": "4.1.1",
      "resolved": "https://registry.npmjs.org/object-assign/-/object-assign-4.1.1.tgz",
      "integrity": "sha1-IQmtx5ZYh8/AXLvUQsrIv7s2CGM="
    },
    "parse-sel": {
      "version": "1.0.0",
      "resolved": "https://registry.npmjs.org/parse-sel/-/parse-sel-1.0.0.tgz",
      "integrity": "sha1-uTANK7lGoGwiyY4gjkeyCIaQy90=",
      "requires": {
        "browser-split": "0.0.1"
      }
    },
    "snabbdom": {
      "version": "0.7.1",
      "resolved": "https://registry.npmjs.org/snabbdom/-/snabbdom-0.7.1.tgz",
      "integrity": "sha512-uIOCq6rfkBZg2VdSopy9jL0cIOdrkHCcwOjDsLnjef6Z5oPoD8V7nKI8de4gP5GfvyqLY0RBDJP8LVU19Nsw5Q=="
    },
    "snabbdom-to-html": {
      "version": "5.1.1",
      "resolved": "https://registry.npmjs.org/snabbdom-to-html/-/snabbdom-to-html-5.1.1.tgz",
      "integrity": "sha512-rz/Q8nh2RiY9echnpQdIQpGsvqPyjfEcFZ636tlggw59WlcsRrWfctYIVlGHZxUzcX025lw69oTCqceGdeXoGg==",
      "requires": {
        "lodash.escape": "4.0.1",
        "lodash.forown": "4.4.0",
        "lodash.kebabcase": "4.1.1",
        "lodash.remove": "4.7.0",
        "lodash.uniq": "4.5.0",
        "object-assign": "4.1.1",
        "parse-sel": "1.0.0"
      }
    },
    "typestyle": {
      "version": "2.0.1",
      "resolved": "https://registry.npmjs.org/typestyle/-/typestyle-2.0.1.tgz",
      "integrity": "sha512-3Mv5ZZbYJ3y3G6rX3iRLrgYibAlafK2nsc9VlTsYcEaK8w+9vtNDx0T2TJsznI5FIh+WoBnjJ5F0/26WaGRxXQ==",
      "requires": {
        "csstype": "2.5.3",
        "free-style": "2.5.1"
      }
    }
  }
}
